Microsoft Visual Studio Solution File, Format Version 12.00
# Visual Studio Version 17
VisualStudioVersion = 17.5.2.0
MinimumVisualStudioVersion = 10.0.40219.1
Project("{FAE04EC0-301F-11D3-BF4B-00C04F79EFBC}") = "CuentaAhorros", "CuentaAhorros\CuentaAhorros.csproj", "{083FAC5E-5E9E-09CE-0963-0457E3F8516E}"
EndProject
Project("{FAE04EC0-301F-11D3-BF4B-00C04F79EFBC}") = "CuentaAhorros.Tests", "CuentaAhorros.Tests\CuentaAhorros.Tests.csproj", "{3CB20AC0-8D95-0184-C86E-3ACB4038A296}"
EndProject
Global
	GlobalSection(SolutionConfigurationPlatforms) = preSolution
		Debug|Any CPU = Debug|Any CPU
		Release|Any CPU = Release|Any CPU
	EndGlobalSection
	GlobalSection(ProjectConfigurationPlatforms) = postSolution
		{083FAC5E-5E9E-09CE-0963-0457E3F8516E}.Debug|Any CPU.ActiveCfg = Debug|Any CPU
		{083FAC5E-5E9E-09CE-0963-0457E3F8516E}.Debug|Any CPU.Build.0 = Debug|Any CPU
		{083FAC5E-5E9E-09CE-0963-0457E3F8516E}.Release|Any CPU.ActiveCfg = Release|Any CPU
		{083FAC5E-5E9E-09CE-0963-0457E3F8516E}.Release|Any CPU.Build.0 = Release|Any CPU
		{3CB20AC0-8D95-0184-C86E-3ACB4038A296}.Debug|Any CPU.ActiveCfg = Debug|Any CPU
		{3CB20AC0-8D95-0184-C86E-3ACB4038A296}.Debug|Any CPU.Build.0 = Debug|Any CPU
		{3CB20AC0-8D95-0184-C86E-3ACB4038A296}.Release|Any CPU.ActiveCfg = Release|Any CPU
		{3CB20AC0-8D95-0184-C86E-3ACB4038A296}.Release|Any CPU.Build.0 = Release|Any CPU
	EndGlobalSection
	GlobalSection(SolutionProperties) = preSolution
		HideSolutionNode = FALSE
	EndGlobalSection
	GlobalSection(ExtensibilityGlobals) = postSolution
		SolutionGuid = {C0527279-0267-4F95-8393-8EDD56DA8057}
	EndGlobalSection
EndGlobal
